
Microsoft Visual Studio Solution File, Format Version 12.00
# Visual Studio Version 17
VisualStudioVersion = 17.9.34622.214
MinimumVisualStudioVersion = 10.0.40219.1
Project("{FAE04EC0-301F-11D3-BF4B-00C04F79EFBC}") = "Lab1_test", "Lab1_test\Lab1_test.csproj", "{23E3DAD8-D133-4BCD-A2F4-C7813E9C0BFE}"
EndProject
Global
	GlobalSection(SolutionConfigurationPlatforms) = preSolution
		Debug|Any CPU = Debug|Any CPU
		Release|Any CPU = Release|Any CPU
	EndGlobalSection
	GlobalSection(ProjectConfigurationPlatforms) = postSolution
		{23E3DAD8-D133-4BCD-A2F4-C7813E9C0BFE}.Debug|Any CPU.ActiveCfg = Debug|Any CPU
		{23E3DAD8-D133-4BCD-A2F4-C7813E9C0BFE}.Debug|Any CPU.Build.0 = Debug|Any CPU
		{23E3DAD8-D133-4BCD-A2F4-C7813E9C0BFE}.Release|Any CPU.ActiveCfg = Release|Any CPU
		{23E3DAD8-D133-4BCD-A2F4-C7813E9C0BFE}.Release|Any CPU.Build.0 = Release|Any CPU
	EndGlobalSection
	GlobalSection(SolutionProperties) = preSolution
		HideSolutionNode = FALSE
	EndGlobalSection
	GlobalSection(ExtensibilityGlobals) = postSolution
		SolutionGuid = {7D755CCA-09C1-409A-8938-11B1CBEC13EF}
	EndGlobalSection
EndGlobal
